{
  "name": "hoist-data-pipeline",
  "version": "1.0.0",
  "dependencies": {
    "bluebird": {
      "version": "2.3.11",
      "from": "bluebird@>=2.3.10 <3.0.0",
      "resolved": "https://registry.npmjs.org/bluebird/-/bluebird-2.3.11.tgz"
    },
    "config": {
      "version": "1.8.1",
      "from": "config@>=1.6.0 <2.0.0",
      "resolved": "https://registry.npmjs.org/config/-/config-1.8.1.tgz"
    },
    "hoist-errors": {
      "version": "1.0.0",
      "from": "hoist-errors@git://github.com/hoist/hoist-errors",
      "resolved": "git://github.com/hoist/hoist-errors#cc78b990c49d474818ea93154c4734936fc2f85e",
      "dependencies": {
        "errors": {
          "version": "0.2.0",
          "from": "errors@git+ssh://git@github.com:hoist/errors",
          "resolved": "git+ssh://git@github.com:hoist/errors#00c8f5842db149566733fc77d6eb566a2f402572"
        }
      }
    },
    "lodash": {
      "version": "2.4.1",
      "from": "lodash@>=2.4.1 <3.0.0",
      "resolved": "https://registry.npmjs.org/lodash/-/lodash-2.4.1.tgz"
    },
    "mongodb": {
      "version": "2.0.6",
      "from": "mongodb@>=2.0.0 <3.0.0",
      "resolved": "https://registry.npmjs.org/mongodb/-/mongodb-2.0.6.tgz",
      "dependencies": {
        "mongodb-core": {
          "version": "1.1.1",
          "from": "mongodb-core@1.1.1",
          "resolved": "https://registry.npmjs.org/mongodb-core/-/mongodb-core-1.1.1.tgz",
          "dependencies": {
            "bson": {
              "version": "0.2.15",
              "from": "bson@>=0.2.0 <0.3.0",
              "resolved": "https://registry.npmjs.org/bson/-/bson-0.2.15.tgz",
              "dependencies": {
                "nan": {
                  "version": "1.3.0",
                  "from": "nan@1.3.0",
                  "resolved": "https://registry.npmjs.org/nan/-/nan-1.3.0.tgz"
                }
              }
            },
            "mkdirp": {
              "version": "0.5.0",
              "from": "mkdirp@0.5.0",
              "resolved": "https://registry.npmjs.org/mkdirp/-/mkdirp-0.5.0.tgz",
              "dependencies": {
                "minimist": {
                  "version": "0.0.8",
                  "from": "minimist@0.0.8",
                  "resolved": "https://registry.npmjs.org/minimist/-/minimist-0.0.8.tgz"
                }
              }
            },
            "rimraf": {
              "version": "2.2.6",
              "from": "rimraf@2.2.6",
              "resolved": "https://registry.npmjs.org/rimraf/-/rimraf-2.2.6.tgz"
            }
          }
        },
        "readable-stream": {
          "version": "1.0.31",
          "from": "readable-stream@1.0.31",
          "resolved": "https://registry.npmjs.org/readable-stream/-/readable-stream-1.0.31.tgz",
          "dependencies": {
            "core-util-is": {
              "version": "1.0.1",
              "from": "core-util-is@>=1.0.0 <1.1.0",
              "resolved": "https://registry.npmjs.org/core-util-is/-/core-util-is-1.0.1.tgz"
            },
            "isarray": {
              "version": "0.0.1",
              "from": "isarray@0.0.1",
              "resolved": "https://registry.npmjs.org/isarray/-/isarray-0.0.1.tgz"
            },
            "string_decoder": {
              "version": "0.10.31",
              "from": "string_decoder@>=0.10.0 <0.11.0",
              "resolved": "https://registry.npmjs.org/string_decoder/-/string_decoder-0.10.31.tgz"
            },
            "inherits": {
              "version": "2.0.1",
              "from": "inherits@>=2.0.1 <2.1.0",
              "resolved": "https://registry.npmjs.org/inherits/-/inherits-2.0.1.tgz"
            }
          }
        }
      }
    },
    "pluralize": {
      "version": "1.1.0",
      "from": "pluralize@>=1.0.3 <2.0.0",
      "resolved": "https://registry.npmjs.org/pluralize/-/pluralize-1.1.0.tgz"
    },
    "shortid": {
      "version": "2.1.3",
      "from": "shortid@>=2.1.2 <3.0.0",
      "resolved": "https://registry.npmjs.org/shortid/-/shortid-2.1.3.tgz"
    }
  }
}
